
Microsoft Visual Studio Solution File, Format Version 11.00
# Visual Studio 2010
Project("{FAE04EC0-301F-11D3-BF4B-00C04F79EFBC}") = "event_no_jisso_to_toroku", "event_no_jisso_to_toroku\event_no_jisso_to_toroku.csproj", "{ED0CBF16-6183-4690-8C76-4E76EFCDCE2E}"
EndProject
Global
	GlobalSection(SolutionConfigurationPlatforms) = preSolution
		Debug|x86 = Debug|x86
		Release|x86 = Release|x86
	EndGlobalSection
	GlobalSection(ProjectConfigurationPlatforms) = postSolution
		{ED0CBF16-6183-4690-8C76-4E76EFCDCE2E}.Debug|x86.ActiveCfg = Debug|x86
		{ED0CBF16-6183-4690-8C76-4E76EFCDCE2E}.Debug|x86.Build.0 = Debug|x86
		{ED0CBF16-6183-4690-8C76-4E76EFCDCE2E}.Release|x86.ActiveCfg = Release|x86
		{ED0CBF16-6183-4690-8C76-4E76EFCDCE2E}.Release|x86.Build.0 = Release|x86
	EndGlobalSection
	GlobalSection(SolutionProperties) = preSolution
		HideSolutionNode = FALSE
	EndGlobalSection
EndGlobal
